// !$*UTF8*$!
{
	archiveVersion = 1;
	classes = {
	};
	objectVersion = 46;
	objects = {

/* Begin PBXBuildFile section */
		228875C91E9B610A003C3D90 /* AppDelegate.swift in Sources */ = {isa = PBXBuildFile; fileRef = 228875C81E9B610A003C3D90 /* AppDelegate.swift */; };
		228875CE1E9B610A003C3D90 /* Main.storyboard in Resources */ = {isa = PBXBuildFile; fileRef = 228875CC1E9B610A003C3D90 /* Main.storyboard */; };
		228875D01E9B610A003C3D90 /* Assets.xcassets in Resources */ = {isa = PBXBuildFile; fileRef = 228875CF1E9B610A003C3D90 /* Assets.xcassets */; };
		228875D31E9B610A003C3D90 /* LaunchScreen.storyboard in Resources */ = {isa = PBXBuildFile; fileRef = 228875D11E9B610A003C3D90 /* LaunchScreen.storyboard */; };
		228875E11E9BAAD6003C3D90 /* ViewController.swift in Sources */ = {isa = PBXBuildFile; fileRef = 228875E01E9BAAD6003C3D90 /* ViewController.swift */; };
		228875E31E9BB577003C3D90 /* CustomerCell.swift in Sources */ = {isa = PBXBuildFile; fileRef = 228875E21E9BB577003C3D90 /* CustomerCell.swift */; };
		228875E91E9BC2C4003C3D90 /* 1.jpeg in Resources */ = {isa = PBXBuildFile; fileRef = 228875E41E9BC2C4003C3D90 /* 1.jpeg */; };
		228875EA1E9BC2C4003C3D90 /* 2.jpeg in Resources */ = {isa = PBXBuildFile; fileRef = 228875E51E9BC2C4003C3D90 /* 2.jpeg */; };
		228875EB1E9BC2C4003C3D90 /* 3.jpeg in Resources */ = {isa = PBXBuildFile; fileRef = 228875E61E9BC2C4003C3D90 /* 3.jpeg */; };
		228875EC1E9BC2C4003C3D90 /* 4.jpeg in Resources */ = {isa = PBXBuildFile; fileRef = 228875E71E9BC2C4003C3D90 /* 4.jpeg */; };
/* End PBXBuildFile section */

/* Begin PBXFileReference section */
		228875C51E9B610A003C3D90 /* TableViewPractice.app */ = {isa = PBXFileReference; explicitFileType = wrapper.application; includeInIndex = 0; path = TableViewPractice.app; sourceTree = BUILT_PRODUCTS_DIR; };
		228875C81E9B610A003C3D90 /* AppDelegate.swift */ = {isa = PBXFileReference; lastKnownFileType = sourcecode.swift; path = AppDelegate.swift; sourceTree = "<group>"; };
		228875CD1E9B610A003C3D90 /* Base */ = {isa = PBXFileReference; lastKnownFileType = file.storyboard; name = Base; path = Base.lproj/Main.storyboard; sourceTree = "<group>"; };
		228875CF1E9B610A003C3D90 /* Assets.xcassets */ = {isa = PBXFileReference; lastKnownFileType = folder.assetcatalog; path = Assets.xcassets; sourceTree = "<group>"; };
		228875D21E9B610A003C3D90 /* Base */ = {isa = PBXFileReference; lastKnownFileType = file.storyboard; name = Base; path = Base.lproj/LaunchScreen.storyboard; sourceTree = "<group>"; };
		228875D41E9B610A003C3D90 /* Info.plist */ = {isa = PBXFileReference; lastKnownFileType = text.plist.xml; path = Info.plist; sourceTree = "<group>"; };
		228875E01E9BAAD6003C3D90 /* ViewController.swift */ = {isa = PBXFileReference; fileEncoding = 4; lastKnownFileType = sourcecode.swift; name = ViewController.swift; path = ../ViewController.swift; sourceTree = "<group>"; };
		228875E21E9BB577003C3D90 /* CustomerCell.swift */ = {isa = PBXFileReference; fileEncoding = 4; lastKnownFileType = sourcecode.swift; path = CustomerCell.swift; sourceTree = "<group>"; };
		228875E41E9BC2C4003C3D90 /* 1.jpeg */ = {isa = PBXFileReference; lastKnownFileType = image.jpeg; path = 1.jpeg; sourceTree = "<group>"; };
		228875E51E9BC2C4003C3D90 /* 2.jpeg */ = {isa = PBXFileReference; lastKnownFileType = image.jpeg; path = 2.jpeg; sourceTree = "<group>"; };
		228875E61E9BC2C4003C3D90 /* 3.jpeg */ = {isa = PBXFileReference; lastKnownFileType = image.jpeg; path = 3.jpeg; sourceTree = "<group>"; };
		228875E71E9BC2C4003C3D90 /* 4.jpeg */ = {isa = PBXFileReference; lastKnownFileType = image.jpeg; path = 4.jpeg; sourceTree = "<group>"; };
/* End PBXFileReference section */

/* Begin PBXFrameworksBuildPhase section */
		228875C21E9B610A003C3D90 /* Frameworks */ = {
			isa = PBXFrameworksBuildPhase;
			buildActionMask = 2147483647;
			files = (
			);
			runOnlyForDeploymentPostprocessing = 0;
		};
/* End PBXFrameworksBuildPhase section */

/* Begin PBXGroup section */
		228875BC1E9B610A003C3D90 = {
			isa = PBXGroup;
			children = (
				228875C71E9B610A003C3D90 /* TableViewPractice */,
				228875C61E9B610A003C3D90 /* Products */,
			);
			sourceTree = "<group>";
		};
		228875C61E9B610A003C3D90 /* Products */ = {
			isa = PBXGroup;
			children = (
				228875C51E9B610A003C3D90 /* TableViewPractice.app */,
			);
			name = Products;
			sourceTree = "<group>";
		};
		228875C71E9B610A003C3D90 /* TableViewPractice */ = {
			isa = PBXGroup;
			children = (
				228875E01E9BAAD6003C3D90 /* ViewController.swift */,
				228875E21E9BB577003C3D90 /* CustomerCell.swift */,
				228875C81E9B610A003C3D90 /* AppDelegate.swift */,
				228875CC1E9B610A003C3D90 /* Main.storyboard */,
				228875CF1E9B610A003C3D90 /* Assets.xcassets */,
				228875E41E9BC2C4003C3D90 /* 1.jpeg */,
				228875E51E9BC2C4003C3D90 /* 2.jpeg */,
				228875E61E9BC2C4003C3D90 /* 3.jpeg */,
				228875E71E9BC2C4003C3D90 /* 4.jpeg */,
				228875D11E9B610A003C3D90 /* LaunchScreen.storyboard */,
				228875D41E9B610A003C3D90 /* Info.plist */,
			);
			path = TableViewPractice;
			sourceTree = "<group>";
		};
/* End PBXGroup section */

/* Begin PBXNativeTarget section */
		228875C41E9B610A003C3D90 /* TableViewPractice */ = {
			isa = PBXNativeTarget;
			buildConfigurationList = 228875D71E9B610A003C3D90 /* Build configuration list for PBXNativeTarget "TableViewPractice" */;
			buildPhases = (
				228875C11E9B610A003C3D90 /* Sources */,
				228875C21E9B610A003C3D90 /* Frameworks */,
				228875C31E9B610A003C3D90 /* Resources */,
			);
			buildRules = (
			);
			dependencies = (
			);
			name = TableViewPractice;
			productName = TableViewPractice;
			productReference = 228875C51E9B610A003C3D90 /* TableViewPractice.app */;
			productType = "com.apple.product-type.application";
		};
/* End PBXNativeTarget section */

/* Begin PBXProject section */
		228875BD1E9B610A003C3D90 /* Project object */ = {
			isa = PBXProject;
			attributes = {
				LastSwiftUpdateCheck = 0830;
				LastUpgradeCheck = 0830;
				ORGANIZATIONNAME = Chiao;
				TargetAttributes = {
					228875C41E9B610A003C3D90 = {
						CreatedOnToolsVersion = 8.3;
						ProvisioningStyle = Automatic;
					};
				};
			};
			buildConfigurationList = 228875C01E9B610A003C3D90 /* Build configuration list for PBXProject "TableViewPractice" */;
			compatibilityVersion = "Xcode 3.2";
			developmentRegion = English;
			hasScannedForEncodings = 0;
			knownRegions = (
				en,
				Base,
			);
			mainGroup = 228875BC1E9B610A003C3D90;
			productRefGroup = 228875C61E9B610A003C3D90 /* Products */;
			projectDirPath = "";
			projectRoot = "";
			targets = (
				228875C41E9B610A003C3D90 /* TableViewPractice */,
			);
		};
/* End PBXProject section */

/* Begin PBXResourcesBuildPhase section */
		228875C31E9B610A003C3D90 /* Resources */ = {
			isa = PBXResourcesBuildPhase;
			buildActionMask = 2147483647;
			files = (
				228875D31E9B610A003C3D90 /* LaunchScreen.storyboard in Resources */,
				228875D01E9B610A003C3D90 /* Assets.xcassets in Resources */,
				228875EC1E9BC2C4003C3D90 /* 4.jpeg in Resources */,
				228875CE1E9B610A003C3D90 /* Main.storyboard in Resources */,
				228875EB1E9BC2C4003C3D90 /* 3.jpeg in Resources */,
				228875EA1E9BC2C4003C3D90 /* 2.jpeg in Resources */,
				228875E91E9BC2C4003C3D90 /* 1.jpeg in Resources */,
			);
			runOnlyForDeploymentPostprocessing = 0;
		};
/* End PBXResourcesBuildPhase section */

/* Begin PBXSourcesBuildPhase section */
		228875C11E9B610A003C3D90 /* Sources */ = {
			isa = PBXSourcesBuildPhase;
			buildActionMask = 2147483647;
			files = (
				228875E11E9BAAD6003C3D90 /* ViewController.swift in Sources */,
				228875E31E9BB577003C3D90 /* CustomerCell.swift in Sources */,
				228875C91E9B610A003C3D90 /* AppDelegate.swift in Sources */,
			);
			runOnlyForDeploymentPostprocessing = 0;
		};
/* End PBXSourcesBuildPhase section */

/* Begin PBXVariantGroup section */
		228875CC1E9B610A003C3D90 /* Main.storyboard */ = {
			isa = PBXVariantGroup;
			children = (
				228875CD1E9B610A003C3D90 /* Base */,
			);
			name = Main.storyboard;
			sourceTree = "<group>";
		};
		228875D11E9B610A003C3D90 /* LaunchScreen.storyboard */ = {
			isa = PBXVariantGroup;
			children = (
				228875D21E9B610A003C3D90 /* Base */,
			);
			name = LaunchScreen.storyboard;
			sourceTree = "<group>";
		};
/* End PBXVariantGroup section */

/* Begin XCBuildConfiguration section */
		228875D51E9B610A003C3D90 /* Debug */ = {
			isa = XCBuildConfiguration;
			buildSettings = {
				ALWAYS_SEARCH_USER_PATHS = NO;
				CLANG_ANALYZER_NONNULL = YES;
				CLANG_ANALYZER_NUMBER_OBJECT_CONVERSION = YES_AGGRESSIVE;
				CLANG_CXX_LANGUAGE_STANDARD = "gnu++0x";
				CLANG_CXX_LIBRARY = "libc++";
				CLANG_ENABLE_MODULES = YES;
				CLANG_ENABLE_OBJC_ARC = YES;
				CLANG_WARN_BOOL_CONVERSION = YES;
				CLANG_WARN_CONSTANT_CONVERSION = YES;
				CLANG_WARN_DIRECT_OBJC_ISA_USAGE = YES_ERROR;
				CLANG_WARN_DOCUMENTATION_COMMENTS = YES;
				CLANG_WARN_EMPTY_BODY = YES;
				CLANG_WARN_ENUM_CONVERSION = YES;
				CLANG_WARN_INFINITE_RECURSION = YES;
				CLANG_WARN_INT_CONVERSION = YES;
				CLANG_WARN_OBJC_ROOT_CLASS = YES_ERROR;
				CLANG_WARN_SUSPICIOUS_MOVE = YES;
				CLANG_WARN_UNREACHABLE_CODE = YES;
				CLANG_WARN__DUPLICATE_METHOD_MATCH = YES;
				"CODE_SIGN_IDENTITY[sdk=iphoneos*]" = "iPhone Developer";
				COPY_PHASE_STRIP = NO;
				DEBUG_INFORMATION_FORMAT = dwarf;
				ENABLE_STRICT_OBJC_MSGSEND = YES;
				ENABLE_TESTABILITY = YES;
				GCC_C_LANGUAGE_STANDARD = gnu99;
				GCC_DYNAMIC_NO_PIC = NO;
				GCC_NO_COMMON_BLOCKS = YES;
				GCC_OPTIMIZATION_LEVEL = 0;
				GCC_PREPROCESSOR_DEFINITIONS = (
					"DEBUG=1",
					"$(inherited)",
				);
				GCC_WARN_64_TO_32_BIT_CONVERSION = YES;
				GCC_WARN_ABOUT_RETURN_TYPE = YES_ERROR;
				GCC_WARN_UNDECLARED_SELECTOR = YES;
				GCC_WARN_UNINITIALIZED_AUTOS = YES_AGGRESSIVE;
				GCC_WARN_UNUSED_FUNCTION = YES;
				GCC_WARN_UNUSED_VARIABLE = YES;
				IPHONEOS_DEPLOYMENT_TARGET = 10.3;
				MTL_ENABLE_DEBUG_INFO = YES;
				ONLY_ACTIVE_ARCH = YES;
				SDKROOT = iphoneos;
				SWIFT_ACTIVE_COMPILATION_CONDITIONS = DEBUG;
				SWIFT_OPTIMIZATION_LEVEL = "-Onone";
				TARGETED_DEVICE_FAMILY = "1,2";
			};
			name = Debug;
		};
		228875D61E9B610A003C3D90 /* Release */ = {
			isa = XCBuildConfiguration;
			buildSettings = {
				ALWAYS_SEARCH_USER_PATHS = NO;
				CLANG_ANALYZER_NONNULL = YES;
				CLANG_ANALYZER_NUMBER_OBJECT_CONVERSION = YES_AGGRESSIVE;
				CLANG_CXX_LANGUAGE_STANDARD = "gnu++0x";
				CLANG_CXX_LIBRARY = "libc++";
				CLANG_ENABLE_MODULES = YES;
				CLANG_ENABLE_OBJC_ARC = YES;
				CLANG_WARN_BOOL_CONVERSION = YES;
				CLANG_WARN_CONSTANT_CONVERSION = YES;
				CLANG_WARN_DIRECT_OBJC_ISA_USAGE = YES_ERROR;
				CLANG_WARN_DOCUMENTATION_COMMENTS = YES;
				CLANG_WARN_EMPTY_BODY = YES;
				CLANG_WARN_ENUM_CONVERSION = YES;
				CLANG_WARN_INFINITE_RECURSION = YES;
				CLANG_WARN_INT_CONVERSION = YES;
				CLANG_WARN_OBJC_ROOT_CLASS = YES_ERROR;
				CLANG_WARN_SUSPICIOUS_MOVE = YES;
				CLANG_WARN_UNREACHABLE_CODE = YES;
				CLANG_WARN__DUPLICATE_METHOD_MATCH = YES;
				"CODE_SIGN_IDENTITY[sdk=iphoneos*]" = "iPhone Developer";
				COPY_PHASE_STRIP = NO;
				DEBUG_INFORMATION_FORMAT = "dwarf-with-dsym";
				ENABLE_NS_ASSERTIONS = NO;
				ENABLE_STRICT_OBJC_MSGSEND = YES;
				GCC_C_LANGUAGE_STANDARD = gnu99;
				GCC_NO_COMMON_BLOCKS = YES;
				GCC_WARN_64_TO_32_BIT_CONVERSION = YES;
				GCC_WARN_ABOUT_RETURN_TYPE = YES_ERROR;
				GCC_WARN_UNDECLARED_SELECTOR = YES;
				GCC_WARN_UNINITIALIZED_AUTOS = YES_AGGRESSIVE;
				GCC_WARN_UNUSED_FUNCTION = YES;
				GCC_WARN_UNUSED_VARIABLE = YES;
				IPHONEOS_DEPLOYMENT_TARGET = 10.3;
				MTL_ENABLE_DEBUG_INFO = NO;
				SDKROOT = iphoneos;
				SWIFT_OPTIMIZATION_LEVEL = "-Owholemodule";
				TARGETED_DEVICE_FAMILY = "1,2";
				VALIDATE_PRODUCT = YES;
			};
			name = Release;
		};
		228875D81E9B610A003C3D90 /* Debug */ = {
			isa = XCBuildConfiguration;
			buildSettings = {
				ASSETCATALOG_COMPILER_APPICON_NAME = AppIcon;
				INFOPLIST_FILE = TableViewPractice/Info.plist;
				LD_RUNPATH_SEARCH_PATHS = "$(inherited) @executable_path/Frameworks";
				PRODUCT_BUNDLE_IDENTIFIER = tw.com.TableViewPractice;
				PRODUCT_NAME = "$(TARGET_NAME)";
				SWIFT_VERSION = 3.0;
			};
			name = Debug;
		};
		228875D91E9B610A003C3D90 /* Release */ = {
			isa = XCBuildConfiguration;
			buildSettings = {
				ASSETCATALOG_COMPILER_APPICON_NAME = AppIcon;
				INFOPLIST_FILE = TableViewPractice/Info.plist;
				LD_RUNPATH_SEARCH_PATHS = "$(inherited) @executable_path/Frameworks";
				PRODUCT_BUNDLE_IDENTIFIER = tw.com.TableViewPractice;
				PRODUCT_NAME = "$(TARGET_NAME)";
				SWIFT_VERSION = 3.0;
			};
			name = Release;
		};
/* End XCBuildConfiguration section */

/* Begin XCConfigurationList section */
		228875C01E9B610A003C3D90 /* Build configuration list for PBXProject "TableViewPractice" */ = {
			isa = XCConfigurationList;
			buildConfigurations = (
				228875D51E9B610A003C3D90 /* Debug */,
				228875D61E9B610A003C3D90 /* Release */,
			);
			defaultConfigurationIsVisible = 0;
			defaultConfigurationName = Release;
		};
		228875D71E9B610A003C3D90 /* Build configuration list for PBXNativeTarget "TableViewPractice" */ = {
			isa = XCConfigurationList;
			buildConfigurations = (
				228875D81E9B610A003C3D90 /* Debug */,
				228875D91E9B610A003C3D90 /* Release */,
			);
			defaultConfigurationIsVisible = 0;
			defaultConfigurationName = Release;
		};
/* End XCConfigurationList section */
	};
	rootObject = 228875BD1E9B610A003C3D90 /* Project object */;
}
